// !$*UTF8*$!
{
	archiveVersion = 1;
	classes = {
	};
	objectVersion = 46;
	objects = {

/* Begin PBXBuildFile section */
		1F3690DE1C16E78B009275AB /* main.m in Sources */ = {isa = PBXBuildFile; fileRef = 1F3690DD1C16E78B009275AB /* main.m */; };
		1F3690E11C16E78B009275AB /* AppDelegate.m in Sources */ = {isa = PBXBuildFile; fileRef = 1F3690E01C16E78B009275AB /* AppDelegate.m */; };
		1F3690E41C16E78B009275AB /* FirstViewController.m in Sources */ = {isa = PBXBuildFile; fileRef = 1F3690E31C16E78B009275AB /* FirstViewController.m */; };
		1F3690E71C16E78B009275AB /* SecondViewController.m in Sources */ = {isa = PBXBuildFile; fileRef = 1F3690E61C16E78B009275AB /* SecondViewController.m */; };
		1F3690EA1C16E78B009275AB /* iPhone.storyboard in Resources */ = {isa = PBXBuildFile; fileRef = 1F3690E81C16E78B009275AB /* iPhone.storyboard */; };
		1F3690EC1C16E78B009275AB /* Images.xcassets in Resources */ = {isa = PBXBuildFile; fileRef = 1F3690EB1C16E78B009275AB /* Images.xcassets */; };
		1F3690EF1C16E78B009275AB /* LaunchScreen.xib in Resources */ = {isa = PBXBuildFile; fileRef = 1F3690ED1C16E78B009275AB /* LaunchScreen.xib */; };
		1F3690FB1C16E78B009275AB /* testAppWeatherInLondonTests.m in Sources */ = {isa = PBXBuildFile; fileRef = 1F3690FA1C16E78B009275AB /* testAppWeatherInLondonTests.m */; };
		1FF2E0211C16FA75006B9A50 /* MapKit.framework in Frameworks */ = {isa = PBXBuildFile; fileRef = 1FF2E0201C16FA75006B9A50 /* MapKit.framework */; };
		1FF2E0241C16FB7A006B9A50 /* Test iOS.doc in Resources */ = {isa = PBXBuildFile; fileRef = 1FF2E0231C16FB7A006B9A50 /* Test iOS.doc */; };
/* End PBXBuildFile section */

/* Begin PBXContainerItemProxy section */
		1F3690F51C16E78B009275AB /* PBXContainerItemProxy */ = {
			isa = PBXContainerItemProxy;
			containerPortal = 1F3690D01C16E78A009275AB /* Project object */;
			proxyType = 1;
			remoteGlobalIDString = 1F3690D71C16E78A009275AB;
			remoteInfo = testAppWeatherInLondon;
		};
/* End PBXContainerItemProxy section */

/* Begin PBXFileReference section */
		1F3690D81C16E78B009275AB /* testAppWeatherInLondon.app */ = {isa = PBXFileReference; explicitFileType = wrapper.application; includeInIndex = 0; path = testAppWeatherInLondon.app; sourceTree = BUILT_PRODUCTS_DIR; };
		1F3690DC1C16E78B009275AB /* Info.plist */ = {isa = PBXFileReference; lastKnownFileType = text.plist.xml; path = Info.plist; sourceTree = "<group>"; };
		1F3690DD1C16E78B009275AB /* main.m */ = {isa = PBXFileReference; lastKnownFileType = sourcecode.c.objc; path = main.m; sourceTree = "<group>"; };
		1F3690DF1C16E78B009275AB /* AppDelegate.h */ = {isa = PBXFileReference; lastKnownFileType = sourcecode.c.h; path = AppDelegate.h; sourceTree = "<group>"; };
		1F3690E01C16E78B009275AB /* AppDelegate.m */ = {isa = PBXFileReference; lastKnownFileType = sourcecode.c.objc; path = AppDelegate.m; sourceTree = "<group>"; };
		1F3690E21C16E78B009275AB /* FirstViewController.h */ = {isa = PBXFileReference; lastKnownFileType = sourcecode.c.h; path = FirstViewController.h; sourceTree = "<group>"; };
		1F3690E31C16E78B009275AB /* FirstViewController.m */ = {isa = PBXFileReference; lastKnownFileType = sourcecode.c.objc; path = FirstViewController.m; sourceTree = "<group>"; };
		1F3690E51C16E78B009275AB /* SecondViewController.h */ = {isa = PBXFileReference; lastKnownFileType = sourcecode.c.h; path = SecondViewController.h; sourceTree = "<group>"; };
		1F3690E61C16E78B009275AB /* SecondViewController.m */ = {isa = PBXFileReference; lastKnownFileType = sourcecode.c.objc; path = SecondViewController.m; sourceTree = "<group>"; };
		1F3690E91C16E78B009275AB /* Base */ = {isa = PBXFileReference; lastKnownFileType = file.storyboard; name = Base; path = Base.lproj/iPhone.storyboard; sourceTree = "<group>"; };
		1F3690EB1C16E78B009275AB /* Images.xcassets */ = {isa = PBXFileReference; lastKnownFileType = folder.assetcatalog; path = Images.xcassets; sourceTree = "<group>"; };
		1F3690EE1C16E78B009275AB /* Base */ = {isa = PBXFileReference; lastKnownFileType = file.xib; name = Base; path = Base.lproj/LaunchScreen.xib; sourceTree = "<group>"; };
		1F3690F41C16E78B009275AB /* testAppWeatherInLondonTests.xctest */ = {isa = PBXFileReference; explicitFileType = wrapper.cfbundle; includeInIndex = 0; path = testAppWeatherInLondonTests.xctest; sourceTree = BUILT_PRODUCTS_DIR; };
		1F3690F91C16E78B009275AB /* Info.plist */ = {isa = PBXFileReference; lastKnownFileType = text.plist.xml; path = Info.plist; sourceTree = "<group>"; };
		1F3690FA1C16E78B009275AB /* testAppWeatherInLondonTests.m */ = {isa = PBXFileReference; lastKnownFileType = sourcecode.c.objc; path = testAppWeatherInLondonTests.m; sourceTree = "<group>"; };
		1FF2E0201C16FA75006B9A50 /* MapKit.framework */ = {isa = PBXFileReference; lastKnownFileType = wrapper.framework; name = MapKit.framework; path = System/Library/Frameworks/MapKit.framework; sourceTree = SDKROOT; };
		1FF2E0231C16FB7A006B9A50 /* Test iOS.doc */ = {isa = PBXFileReference; lastKnownFileType = file; path = "Test iOS.doc"; sourceTree = "<group>"; };
/* End PBXFileReference section */

/* Begin PBXFrameworksBuildPhase section */
		1F3690D51C16E78A009275AB /* Frameworks */ = {
			isa = PBXFrameworksBuildPhase;
			buildActionMask = 2147483647;
			files = (
				1FF2E0211C16FA75006B9A50 /* MapKit.framework in Frameworks */,
			);
			runOnlyForDeploymentPostprocessing = 0;
		};
		1F3690F11C16E78B009275AB /* Frameworks */ = {
			isa = PBXFrameworksBuildPhase;
			buildActionMask = 2147483647;
			files = (
			);
			runOnlyForDeploymentPostprocessing = 0;
		};
/* End PBXFrameworksBuildPhase section */

/* Begin PBXGroup section */
		1F3690CF1C16E78A009275AB = {
			isa = PBXGroup;
			children = (
				1FF2E0201C16FA75006B9A50 /* MapKit.framework */,
				1FF2E0221C16FB7A006B9A50 /* taskDescription */,
				1F3690DA1C16E78B009275AB /* testAppWeatherInLondon */,
				1F3690F71C16E78B009275AB /* testAppWeatherInLondonTests */,
				1F3690D91C16E78B009275AB /* Products */,
			);
			sourceTree = "<group>";
		};
		1F3690D91C16E78B009275AB /* Products */ = {
			isa = PBXGroup;
			children = (
				1F3690D81C16E78B009275AB /* testAppWeatherInLondon.app */,
				1F3690F41C16E78B009275AB /* testAppWeatherInLondonTests.xctest */,
			);
			name = Products;
			sourceTree = "<group>";
		};
		1F3690DA1C16E78B009275AB /* testAppWeatherInLondon */ = {
			isa = PBXGroup;
			children = (
				1F3690DF1C16E78B009275AB /* AppDelegate.h */,
				1F3690E01C16E78B009275AB /* AppDelegate.m */,
				1F3690E21C16E78B009275AB /* FirstViewController.h */,
				1F3690E31C16E78B009275AB /* FirstViewController.m */,
				1F3690E51C16E78B009275AB /* SecondViewController.h */,
				1F3690E61C16E78B009275AB /* SecondViewController.m */,
				1F3690E81C16E78B009275AB /* iPhone.storyboard */,
				1F3690EB1C16E78B009275AB /* Images.xcassets */,
				1F3690ED1C16E78B009275AB /* LaunchScreen.xib */,
				1F3690DB1C16E78B009275AB /* Supporting Files */,
			);
			path = testAppWeatherInLondon;
			sourceTree = "<group>";
		};
		1F3690DB1C16E78B009275AB /* Supporting Files */ = {
			isa = PBXGroup;
			children = (
				1F3690DC1C16E78B009275AB /* Info.plist */,
				1F3690DD1C16E78B009275AB /* main.m */,
			);
			name = "Supporting Files";
			sourceTree = "<group>";
		};
		1F3690F71C16E78B009275AB /* testAppWeatherInLondonTests */ = {
			isa = PBXGroup;
			children = (
				1F3690FA1C16E78B009275AB /* testAppWeatherInLondonTests.m */,
				1F3690F81C16E78B009275AB /* Supporting Files */,
			);
			path = testAppWeatherInLondonTests;
			sourceTree = "<group>";
		};
		1F3690F81C16E78B009275AB /* Supporting Files */ = {
			isa = PBXGroup;
			children = (
				1F3690F91C16E78B009275AB /* Info.plist */,
			);
			name = "Supporting Files";
			sourceTree = "<group>";
		};
		1FF2E0221C16FB7A006B9A50 /* taskDescription */ = {
			isa = PBXGroup;
			children = (
				1FF2E0231C16FB7A006B9A50 /* Test iOS.doc */,
			);
			name = taskDescription;
			path = testAppWeatherInLondon/taskDescription;
			sourceTree = "<group>";
		};
/* End PBXGroup section */

/* Begin PBXNativeTarget section */
		1F3690D71C16E78A009275AB /* testAppWeatherInLondon */ = {
			isa = PBXNativeTarget;
			buildConfigurationList = 1F3690FE1C16E78B009275AB /* Build configuration list for PBXNativeTarget "testAppWeatherInLondon" */;
			buildPhases = (
				1F3690D41C16E78A009275AB /* Sources */,
				1F3690D51C16E78A009275AB /* Frameworks */,
				1F3690D61C16E78A009275AB /* Resources */,
			);
			buildRules = (
			);
			dependencies = (
			);
			name = testAppWeatherInLondon;
			productName = testAppWeatherInLondon;
			productReference = 1F3690D81C16E78B009275AB /* testAppWeatherInLondon.app */;
			productType = "com.apple.product-type.application";
		};
		1F3690F31C16E78B009275AB /* testAppWeatherInLondonTests */ = {
			isa = PBXNativeTarget;
			buildConfigurationList = 1F3691011C16E78B009275AB /* Build configuration list for PBXNativeTarget "testAppWeatherInLondonTests" */;
			buildPhases = (
				1F3690F01C16E78B009275AB /* Sources */,
				1F3690F11C16E78B009275AB /* Frameworks */,
				1F3690F21C16E78B009275AB /* Resources */,
			);
			buildRules = (
			);
			dependencies = (
				1F3690F61C16E78B009275AB /* PBXTargetDependency */,
			);
			name = testAppWeatherInLondonTests;
			productName = testAppWeatherInLondonTests;
			productReference = 1F3690F41C16E78B009275AB /* testAppWeatherInLondonTests.xctest */;
			productType = "com.apple.product-type.bundle.unit-test";
		};
/* End PBXNativeTarget section */

/* Begin PBXProject section */
		1F3690D01C16E78A009275AB /* Project object */ = {
			isa = PBXProject;
			attributes = {
				LastUpgradeCheck = 0640;
				ORGANIZATIONNAME = "Mykola Kondratyuk";
				TargetAttributes = {
					1F3690D71C16E78A009275AB = {
						CreatedOnToolsVersion = 6.4;
					};
					1F3690F31C16E78B009275AB = {
						CreatedOnToolsVersion = 6.4;
						TestTargetID = 1F3690D71C16E78A009275AB;
					};
				};
			};
			buildConfigurationList = 1F3690D31C16E78A009275AB /* Build configuration list for PBXProject "testAppWeatherInLondon" */;
			compatibilityVersion = "Xcode 3.2";
			developmentRegion = English;
			hasScannedForEncodings = 0;
			knownRegions = (
				en,
				Base,
			);
			mainGroup = 1F3690CF1C16E78A009275AB;
			productRefGroup = 1F3690D91C16E78B009275AB /* Products */;
			projectDirPath = "";
			projectRoot = "";
			targets = (
				1F3690D71C16E78A009275AB /* testAppWeatherInLondon */,
				1F3690F31C16E78B009275AB /* testAppWeatherInLondonTests */,
			);
		};
/* End PBXProject section */

/* Begin PBXResourcesBuildPhase section */
		1F3690D61C16E78A009275AB /* Resources */ = {
			isa = PBXResourcesBuildPhase;
			buildActionMask = 2147483647;
			files = (
				1F3690EA1C16E78B009275AB /* iPhone.storyboard in Resources */,
				1F3690EF1C16E78B009275AB /* LaunchScreen.xib in Resources */,
				1F3690EC1C16E78B009275AB /* Images.xcassets in Resources */,
				1FF2E0241C16FB7A006B9A50 /* Test iOS.doc in Resources */,
			);
			runOnlyForDeploymentPostprocessing = 0;
		};
		1F3690F21C16E78B009275AB /* Resources */ = {
			isa = PBXResourcesBuildPhase;
			buildActionMask = 2147483647;
			files = (
			);
			runOnlyForDeploymentPostprocessing = 0;
		};
/* End PBXResourcesBuildPhase section */

/* Begin PBXSourcesBuildPhase section */
		1F3690D41C16E78A009275AB /* Sources */ = {
			isa = PBXSourcesBuildPhase;
			buildActionMask = 2147483647;
			files = (
				1F3690E71C16E78B009275AB /* SecondViewController.m in Sources */,
				1F3690E11C16E78B009275AB /* AppDelegate.m in Sources */,
				1F3690E41C16E78B009275AB /* FirstViewController.m in Sources */,
				1F3690DE1C16E78B009275AB /* main.m in Sources */,
			);
			runOnlyForDeploymentPostprocessing = 0;
		};
		1F3690F01C16E78B009275AB /* Sources */ = {
			isa = PBXSourcesBuildPhase;
			buildActionMask = 2147483647;
			files = (
				1F3690FB1C16E78B009275AB /* testAppWeatherInLondonTests.m in Sources */,
			);
			runOnlyForDeploymentPostprocessing = 0;
		};
/* End PBXSourcesBuildPhase section */

/* Begin PBXTargetDependency section */
		1F3690F61C16E78B009275AB /* PBXTargetDependency */ = {
			isa = PBXTargetDependency;
			target = 1F3690D71C16E78A009275AB /* testAppWeatherInLondon */;
			targetProxy = 1F3690F51C16E78B009275AB /* PBXContainerItemProxy */;
		};
/* End PBXTargetDependency section */

/* Begin PBXVariantGroup section */
		1F3690E81C16E78B009275AB /* iPhone.storyboard */ = {
			isa = PBXVariantGroup;
			children = (
				1F3690E91C16E78B009275AB /* Base */,
			);
			name = iPhone.storyboard;
			sourceTree = "<group>";
		};
		1F3690ED1C16E78B009275AB /* LaunchScreen.xib */ = {
			isa = PBXVariantGroup;
			children = (
				1F3690EE1C16E78B009275AB /* Base */,
			);
			name = LaunchScreen.xib;
			sourceTree = "<group>";
		};
/* End PBXVariantGroup section */

/* Begin XCBuildConfiguration section */
		1F3690FC1C16E78B009275AB /* Debug */ = {
			isa = XCBuildConfiguration;
			buildSettings = {
				ALWAYS_SEARCH_USER_PATHS = NO;
				CLANG_CXX_LANGUAGE_STANDARD = "gnu++0x";
				CLANG_CXX_LIBRARY = "libc++";
				CLANG_ENABLE_MODULES = YES;
				CLANG_ENABLE_OBJC_ARC = YES;
				CLANG_WARN_BOOL_CONVERSION = YES;
				CLANG_WARN_CONSTANT_CONVERSION = YES;
				CLANG_WARN_DIRECT_OBJC_ISA_USAGE = YES_ERROR;
				CLANG_WARN_EMPTY_BODY = YES;
				CLANG_WARN_ENUM_CONVERSION = YES;
				CLANG_WARN_INT_CONVERSION = YES;
				CLANG_WARN_OBJC_ROOT_CLASS = YES_ERROR;
				CLANG_WARN_UNREACHABLE_CODE = YES;
				CLANG_WARN__DUPLICATE_METHOD_MATCH = YES;
				"CODE_SIGN_IDENTITY[sdk=iphoneos*]" = "iPhone Developer";
				COPY_PHASE_STRIP = NO;
				DEBUG_INFORMATION_FORMAT = "dwarf-with-dsym";
				ENABLE_STRICT_OBJC_MSGSEND = YES;
				GCC_C_LANGUAGE_STANDARD = gnu99;
				GCC_DYNAMIC_NO_PIC = NO;
				GCC_NO_COMMON_BLOCKS = YES;
				GCC_OPTIMIZATION_LEVEL = 0;
				GCC_PREPROCESSOR_DEFINITIONS = (
					"DEBUG=1",
					"$(inherited)",
				);
				GCC_SYMBOLS_PRIVATE_EXTERN = NO;
				GCC_WARN_64_TO_32_BIT_CONVERSION = YES;
				GCC_WARN_ABOUT_RETURN_TYPE = YES_ERROR;
				GCC_WARN_UNDECLARED_SELECTOR = YES;
				GCC_WARN_UNINITIALIZED_AUTOS = YES_AGGRESSIVE;
				GCC_WARN_UNUSED_FUNCTION = YES;
				GCC_WARN_UNUSED_VARIABLE = YES;
				IPHONEOS_DEPLOYMENT_TARGET = 8.4;
				MTL_ENABLE_DEBUG_INFO = YES;
				ONLY_ACTIVE_ARCH = YES;
				SDKROOT = iphoneos;
				TARGETED_DEVICE_FAMILY = "1,2";
			};
			name = Debug;
		};
		1F3690FD1C16E78B009275AB /* Release */ = {
			isa = XCBuildConfiguration;
			buildSettings = {
				ALWAYS_SEARCH_USER_PATHS = NO;
				CLANG_CXX_LANGUAGE_STANDARD = "gnu++0x";
				CLANG_CXX_LIBRARY = "libc++";
				CLANG_ENABLE_MODULES = YES;
				CLANG_ENABLE_OBJC_ARC = YES;
				CLANG_WARN_BOOL_CONVERSION = YES;
				CLANG_WARN_CONSTANT_CONVERSION = YES;
				CLANG_WARN_DIRECT_OBJC_ISA_USAGE = YES_ERROR;
				CLANG_WARN_EMPTY_BODY = YES;
				CLANG_WARN_ENUM_CONVERSION = YES;
				CLANG_WARN_INT_CONVERSION = YES;
				CLANG_WARN_OBJC_ROOT_CLASS = YES_ERROR;
				CLANG_WARN_UNREACHABLE_CODE = YES;
				CLANG_WARN__DUPLICATE_METHOD_MATCH = YES;
				"CODE_SIGN_IDENTITY[sdk=iphoneos*]" = "iPhone Developer";
				COPY_PHASE_STRIP = NO;
				DEBUG_INFORMATION_FORMAT = "dwarf-with-dsym";
				ENABLE_NS_ASSERTIONS = NO;
				ENABLE_STRICT_OBJC_MSGSEND = YES;
				GCC_C_LANGUAGE_STANDARD = gnu99;
				GCC_NO_COMMON_BLOCKS = YES;
				GCC_WARN_64_TO_32_BIT_CONVERSION = YES;
				GCC_WARN_ABOUT_RETURN_TYPE = YES_ERROR;
				GCC_WARN_UNDECLARED_SELECTOR = YES;
				GCC_WARN_UNINITIALIZED_AUTOS = YES_AGGRESSIVE;
				GCC_WARN_UNUSED_FUNCTION = YES;
				GCC_WARN_UNUSED_VARIABLE = YES;
				IPHONEOS_DEPLOYMENT_TARGET = 8.4;
				MTL_ENABLE_DEBUG_INFO = NO;
				SDKROOT = iphoneos;
				TARGETED_DEVICE_FAMILY = "1,2";
				VALIDATE_PRODUCT = YES;
			};
			name = Release;
		};
		1F3690FF1C16E78B009275AB /* Debug */ = {
			isa = XCBuildConfiguration;
			buildSettings = {
				ASSETCATALOG_COMPILER_APPICON_NAME = AppIcon;
				ASSETCATALOG_COMPILER_LAUNCHIMAGE_NAME = LaunchImage;
				INFOPLIST_FILE = testAppWeatherInLondon/Info.plist;
				IPHONEOS_DEPLOYMENT_TARGET = 7.1;
				LD_RUNPATH_SEARCH_PATHS = "$(inherited) @executable_path/Frameworks";
				PRODUCT_NAME = "$(TARGET_NAME)";
			};
			name = Debug;
		};
		1F3691001C16E78B009275AB /* Release */ = {
			isa = XCBuildConfiguration;
			buildSettings = {
				ASSETCATALOG_COMPILER_APPICON_NAME = AppIcon;
				ASSETCATALOG_COMPILER_LAUNCHIMAGE_NAME = LaunchImage;
				INFOPLIST_FILE = testAppWeatherInLondon/Info.plist;
				IPHONEOS_DEPLOYMENT_TARGET = 7.1;
				LD_RUNPATH_SEARCH_PATHS = "$(inherited) @executable_path/Frameworks";
				PRODUCT_NAME = "$(TARGET_NAME)";
			};
			name = Release;
		};
		1F3691021C16E78B009275AB /* Debug */ = {
			isa = XCBuildConfiguration;
			buildSettings = {
				BUNDLE_LOADER = "$(TEST_HOST)";
				FRAMEWORK_SEARCH_PATHS = (
					"$(SDKROOT)/Developer/Library/Frameworks",
					"$(inherited)",
				);
				GCC_PREPROCESSOR_DEFINITIONS = (
					"DEBUG=1",
					"$(inherited)",
				);
				INFOPLIST_FILE = testAppWeatherInLondonTests/Info.plist;
				LD_RUNPATH_SEARCH_PATHS = "$(inherited) @executable_path/Frameworks @loader_path/Frameworks";
				PRODUCT_NAME = "$(TARGET_NAME)";
				TEST_HOST = "$(BUILT_PRODUCTS_DIR)/testAppWeatherInLondon.app/testAppWeatherInLondon";
			};
			name = Debug;
		};
		1F3691031C16E78B009275AB /* Release */ = {
			isa = XCBuildConfiguration;
			buildSettings = {
				BUNDLE_LOADER = "$(TEST_HOST)";
				FRAMEWORK_SEARCH_PATHS = (
					"$(SDKROOT)/Developer/Library/Frameworks",
					"$(inherited)",
				);
				INFOPLIST_FILE = testAppWeatherInLondonTests/Info.plist;
				LD_RUNPATH_SEARCH_PATHS = "$(inherited) @executable_path/Frameworks @loader_path/Frameworks";
				PRODUCT_NAME = "$(TARGET_NAME)";
				TEST_HOST = "$(BUILT_PRODUCTS_DIR)/testAppWeatherInLondon.app/testAppWeatherInLondon";
			};
			name = Release;
		};
/* End XCBuildConfiguration section */

/* Begin XCConfigurationList section */
		1F3690D31C16E78A009275AB /* Build configuration list for PBXProject "testAppWeatherInLondon" */ = {
			isa = XCConfigurationList;
			buildConfigurations = (
				1F3690FC1C16E78B009275AB /* Debug */,
				1F3690FD1C16E78B009275AB /* Release */,
			);
			defaultConfigurationIsVisible = 0;
			defaultConfigurationName = Release;
		};
		1F3690FE1C16E78B009275AB /* Build configuration list for PBXNativeTarget "testAppWeatherInLondon" */ = {
			isa = XCConfigurationList;
			buildConfigurations = (
				1F3690FF1C16E78B009275AB /* Debug */,
				1F3691001C16E78B009275AB /* Release */,
			);
			defaultConfigurationIsVisible = 0;
			defaultConfigurationName = Release;
		};
		1F3691011C16E78B009275AB /* Build configuration list for PBXNativeTarget "testAppWeatherInLondonTests" */ = {
			isa = XCConfigurationList;
			buildConfigurations = (
				1F3691021C16E78B009275AB /* Debug */,
				1F3691031C16E78B009275AB /* Release */,
			);
			defaultConfigurationIsVisible = 0;
			defaultConfigurationName = Release;
		};
/* End XCConfigurationList section */
	};
	rootObject = 1F3690D01C16E78A009275AB /* Project object */;
}
